<?xml version="1.0" encoding="utf-8"?>
<Project ToolsVersion="17.0" xmlns="http://schemas.microsoft.com/developer/msbuild/2003">
  <ItemGroup>
    <CustomBuild Include="A:\Programieren\ascii_art\zlib_build\CMakeFiles\2c51e99e24451b1bdf34274b34ffa702\generate.stamp.rule">
      <Filter>CMake Rules</Filter>
    </CustomBuild>
  </ItemGroup>
  <ItemGroup>
    <Filter Include="CMake Rules">
      <UniqueIdentifier>{944DF213-C9E8-3F63-A10D-2450C56AA30B}</UniqueIdentifier>
    </Filter>
  </ItemGroup>
</Project>
