
Microsoft Visual Studio Solution File, Format Version 12.00
# Visual Studio Version 17
Project("{8BC9CEB8-8B4A-11D0-8D11-00A0C91BC942}") = "ALL_BUILD", "ALL_BUILD.vcxproj", "{17F99634-8478-3A34-8E67-F7E83C981C10}"
	ProjectSection(ProjectDependencies) = postProject
		{71C400BE-C478-3CD5-9EBF-1E206ADDC6A1} = {71C400BE-C478-3CD5-9EBF-1E206ADDC6A1}
		{BB51ADE4-FEF6-315A-8531-43D6BA170DC4} = {BB51ADE4-FEF6-315A-8531-43D6BA170DC4}
		{CF708437-B671-3E7E-BE4D-5242D5FF6A56} = {CF708437-B671-3E7E-BE4D-5242D5FF6A56}
		{EED0960F-7C47-34B5-A902-C5F658A4F5AC} = {EED0960F-7C47-34B5-A902-C5F658A4F5AC}
		{233EEC3D-C8F1-3D1A-B1C2-6C13975AC9CA} = {233EEC3D-C8F1-3D1A-B1C2-6C13975AC9CA}
	EndProjectSection
EndProject
Project("{8BC9CEB8-8B4A-11D0-8D11-00A0C91BC942}") = "INSTALL", "INSTALL.vcxproj", "{DEF0A307-3AD9-39CF-BF80-AFF3B40EB748}"
	ProjectSection(ProjectDependencies) = postProject
		{17F99634-8478-3A34-8E67-F7E83C981C10} = {17F99634-8478-3A34-8E67-F7E83C981C10}
		{71C400BE-C478-3CD5-9EBF-1E206ADDC6A1} = {71C400BE-C478-3CD5-9EBF-1E206ADDC6A1}
	EndProjectSection
EndProject
Project("{8BC9CEB8-8B4A-11D0-8D11-00A0C91BC942}") = "RUN_TESTS", "RUN_TESTS.vcxproj", "{C96A660D-9AD0-3832-8B55-202EADA94496}"
	ProjectSection(ProjectDependencies) = postProject
		{71C400BE-C478-3CD5-9EBF-1E206ADDC6A1} = {71C400BE-C478-3CD5-9EBF-1E206ADDC6A1}
	EndProjectSection
EndProject
Project("{8BC9CEB8-8B4A-11D0-8D11-00A0C91BC942}") = "ZERO_CHECK", "ZERO_CHECK.vcxproj", "{71C400BE-C478-3CD5-9EBF-1E206ADDC6A1}"
	ProjectSection(ProjectDependencies) = postProject
	EndProjectSection
EndProject
Project("{8BC9CEB8-8B4A-11D0-8D11-00A0C91BC942}") = "example", "example.vcxproj", "{BB51ADE4-FEF6-315A-8531-43D6BA170DC4}"
	ProjectSection(ProjectDependencies) = postProject
		{71C400BE-C478-3CD5-9EBF-1E206ADDC6A1} = {71C400BE-C478-3CD5-9EBF-1E206ADDC6A1}
		{EED0960F-7C47-34B5-A902-C5F658A4F5AC} = {EED0960F-7C47-34B5-A902-C5F658A4F5AC}
	EndProjectSection
EndProject
Project("{8BC9CEB8-8B4A-11D0-8D11-00A0C91BC942}") = "minigzip", "minigzip.vcxproj", "{CF708437-B671-3E7E-BE4D-5242D5FF6A56}"
	ProjectSection(ProjectDependencies) = postProject
		{71C400BE-C478-3CD5-9EBF-1E206ADDC6A1} = {71C400BE-C478-3CD5-9EBF-1E206ADDC6A1}
		{EED0960F-7C47-34B5-A902-C5F658A4F5AC} = {EED0960F-7C47-34B5-A902-C5F658A4F5AC}
	EndProjectSection
EndProject
Project("{8BC9CEB8-8B4A-11D0-8D11-00A0C91BC942}") = "zlib", "zlib.vcxproj", "{EED0960F-7C47-34B5-A902-C5F658A4F5AC}"
	ProjectSection(ProjectDependencies) = postProject
		{71C400BE-C478-3CD5-9EBF-1E206ADDC6A1} = {71C400BE-C478-3CD5-9EBF-1E206ADDC6A1}
	EndProjectSection
EndProject
Project("{8BC9CEB8-8B4A-11D0-8D11-00A0C91BC942}") = "zlibstatic", "zlibstatic.vcxproj", "{233EEC3D-C8F1-3D1A-B1C2-6C13975AC9CA}"
	ProjectSection(ProjectDependencies) = postProject
		{71C400BE-C478-3CD5-9EBF-1E206ADDC6A1} = {71C400BE-C478-3CD5-9EBF-1E206ADDC6A1}
	EndProjectSection
EndProject
Global
	GlobalSection(SolutionConfigurationPlatforms) = preSolution
		Debug|x64 = Debug|x64
		Release|x64 = Release|x64
		MinSizeRel|x64 = MinSizeRel|x64
		RelWithDebInfo|x64 = RelWithDebInfo|x64
	EndGlobalSection
	GlobalSection(ProjectConfigurationPlatforms) = postSolution
		{17F99634-8478-3A34-8E67-F7E83C981C10}.Debug|x64.ActiveCfg = Debug|x64
		{17F99634-8478-3A34-8E67-F7E83C981C10}.Debug|x64.Build.0 = Debug|x64
		{17F99634-8478-3A34-8E67-F7E83C981C10}.Release|x64.ActiveCfg = Release|x64
		{17F99634-8478-3A34-8E67-F7E83C981C10}.Release|x64.Build.0 = Release|x64
		{17F99634-8478-3A34-8E67-F7E83C981C10}.MinSizeRel|x64.ActiveCfg = MinSizeRel|x64
		{17F99634-8478-3A34-8E67-F7E83C981C10}.MinSizeRel|x64.Build.0 = MinSizeRel|x64
		{17F99634-8478-3A34-8E67-F7E83C981C10}.RelWithDebInfo|x64.ActiveCfg = RelWithDebInfo|x64
		{17F99634-8478-3A34-8E67-F7E83C981C10}.RelWithDebInfo|x64.Build.0 = RelWithDebInfo|x64
		{DEF0A307-3AD9-39CF-BF80-AFF3B40EB748}.Debug|x64.ActiveCfg = Debug|x64
		{DEF0A307-3AD9-39CF-BF80-AFF3B40EB748}.Release|x64.ActiveCfg = Release|x64
		{DEF0A307-3AD9-39CF-BF80-AFF3B40EB748}.MinSizeRel|x64.ActiveCfg = MinSizeRel|x64
		{DEF0A307-3AD9-39CF-BF80-AFF3B40EB748}.RelWithDebInfo|x64.ActiveCfg = RelWithDebInfo|x64
		{C96A660D-9AD0-3832-8B55-202EADA94496}.Debug|x64.ActiveCfg = Debug|x64
		{C96A660D-9AD0-3832-8B55-202EADA94496}.Release|x64.ActiveCfg = Release|x64
		{C96A660D-9AD0-3832-8B55-202EADA94496}.MinSizeRel|x64.ActiveCfg = MinSizeRel|x64
		{C96A660D-9AD0-3832-8B55-202EADA94496}.RelWithDebInfo|x64.ActiveCfg = RelWithDebInfo|x64
		{71C400BE-C478-3CD5-9EBF-1E206ADDC6A1}.Debug|x64.ActiveCfg = Debug|x64
		{71C400BE-C478-3CD5-9EBF-1E206ADDC6A1}.Debug|x64.Build.0 = Debug|x64
		{71C400BE-C478-3CD5-9EBF-1E206ADDC6A1}.Release|x64.ActiveCfg = Release|x64
		{71C400BE-C478-3CD5-9EBF-1E206ADDC6A1}.Release|x64.Build.0 = Release|x64
		{71C400BE-C478-3CD5-9EBF-1E206ADDC6A1}.MinSizeRel|x64.ActiveCfg = MinSizeRel|x64
		{71C400BE-C478-3CD5-9EBF-1E206ADDC6A1}.MinSizeRel|x64.Build.0 = MinSizeRel|x64
		{71C400BE-C478-3CD5-9EBF-1E206ADDC6A1}.RelWithDebInfo|x64.ActiveCfg = RelWithDebInfo|x64
		{71C400BE-C478-3CD5-9EBF-1E206ADDC6A1}.RelWithDebInfo|x64.Build.0 = RelWithDebInfo|x64
		{BB51ADE4-FEF6-315A-8531-43D6BA170DC4}.Debug|x64.ActiveCfg = Debug|x64
		{BB51ADE4-FEF6-315A-8531-43D6BA170DC4}.Debug|x64.Build.0 = Debug|x64
		{BB51ADE4-FEF6-315A-8531-43D6BA170DC4}.Release|x64.ActiveCfg = Release|x64
		{BB51ADE4-FEF6-315A-8531-43D6BA170DC4}.Release|x64.Build.0 = Release|x64
		{BB51ADE4-FEF6-315A-8531-43D6BA170DC4}.MinSizeRel|x64.ActiveCfg = MinSizeRel|x64
		{BB51ADE4-FEF6-315A-8531-43D6BA170DC4}.MinSizeRel|x64.Build.0 = MinSizeRel|x64
		{BB51ADE4-FEF6-315A-8531-43D6BA170DC4}.RelWithDebInfo|x64.ActiveCfg = RelWithDebInfo|x64
		{BB51ADE4-FEF6-315A-8531-43D6BA170DC4}.RelWithDebInfo|x64.Build.0 = RelWithDebInfo|x64
		{CF708437-B671-3E7E-BE4D-5242D5FF6A56}.Debug|x64.ActiveCfg = Debug|x64
		{CF708437-B671-3E7E-BE4D-5242D5FF6A56}.Debug|x64.Build.0 = Debug|x64
		{CF708437-B671-3E7E-BE4D-5242D5FF6A56}.Release|x64.ActiveCfg = Release|x64
		{CF708437-B671-3E7E-BE4D-5242D5FF6A56}.Release|x64.Build.0 = Release|x64
		{CF708437-B671-3E7E-BE4D-5242D5FF6A56}.MinSizeRel|x64.ActiveCfg = MinSizeRel|x64
		{CF708437-B671-3E7E-BE4D-5242D5FF6A56}.MinSizeRel|x64.Build.0 = MinSizeRel|x64
		{CF708437-B671-3E7E-BE4D-5242D5FF6A56}.RelWithDebInfo|x64.ActiveCfg = RelWithDebInfo|x64
		{CF708437-B671-3E7E-BE4D-5242D5FF6A56}.RelWithDebInfo|x64.Build.0 = RelWithDebInfo|x64
		{EED0960F-7C47-34B5-A902-C5F658A4F5AC}.Debug|x64.ActiveCfg = Debug|x64
		{EED0960F-7C47-34B5-A902-C5F658A4F5AC}.Debug|x64.Build.0 = Debug|x64
		{EED0960F-7C47-34B5-A902-C5F658A4F5AC}.Release|x64.ActiveCfg = Release|x64
		{EED0960F-7C47-34B5-A902-C5F658A4F5AC}.Release|x64.Build.0 = Release|x64
		{EED0960F-7C47-34B5-A902-C5F658A4F5AC}.MinSizeRel|x64.ActiveCfg = MinSizeRel|x64
		{EED0960F-7C47-34B5-A902-C5F658A4F5AC}.MinSizeRel|x64.Build.0 = MinSizeRel|x64
		{EED0960F-7C47-34B5-A902-C5F658A4F5AC}.RelWithDebInfo|x64.ActiveCfg = RelWithDebInfo|x64
		{EED0960F-7C47-34B5-A902-C5F658A4F5AC}.RelWithDebInfo|x64.Build.0 = RelWithDebInfo|x64
		{233EEC3D-C8F1-3D1A-B1C2-6C13975AC9CA}.Debug|x64.ActiveCfg = Debug|x64
		{233EEC3D-C8F1-3D1A-B1C2-6C13975AC9CA}.Debug|x64.Build.0 = Debug|x64
		{233EEC3D-C8F1-3D1A-B1C2-6C13975AC9CA}.Release|x64.ActiveCfg = Release|x64
		{233EEC3D-C8F1-3D1A-B1C2-6C13975AC9CA}.Release|x64.Build.0 = Release|x64
		{233EEC3D-C8F1-3D1A-B1C2-6C13975AC9CA}.MinSizeRel|x64.ActiveCfg = MinSizeRel|x64
		{233EEC3D-C8F1-3D1A-B1C2-6C13975AC9CA}.MinSizeRel|x64.Build.0 = MinSizeRel|x64
		{233EEC3D-C8F1-3D1A-B1C2-6C13975AC9CA}.RelWithDebInfo|x64.ActiveCfg = RelWithDebInfo|x64
		{233EEC3D-C8F1-3D1A-B1C2-6C13975AC9CA}.RelWithDebInfo|x64.Build.0 = RelWithDebInfo|x64
	EndGlobalSection
	GlobalSection(ExtensibilityGlobals) = postSolution
		SolutionGuid = {3D024D23-8025-3838-8CC6-0138895C9B25}
	EndGlobalSection
	GlobalSection(ExtensibilityAddIns) = postSolution
	EndGlobalSection
EndGlobal
